
Microsoft Visual Studio Solution File, Format Version 12.00
# Visual Studio 15
VisualStudioVersion = 15.0.28010.2016
MinimumVisualStudioVersion = 10.0.40219.1
Project("{FAE04EC0-301F-11D3-BF4B-00C04F79EFBC}") = "CotizacionArticulo", "CotizacionArticulo\CotizacionArticulo.csproj", "{4E61CD39-EEB4-488E-8583-839452798BC9}"
EndProject
Global
	GlobalSection(SolutionConfigurationPlatforms) = preSolution
		Debug|Any CPU = Debug|Any CPU
		Release|Any CPU = Release|Any CPU
	EndGlobalSection
	GlobalSection(ProjectConfigurationPlatforms) = postSolution
		{4E61CD39-EEB4-488E-8583-839452798BC9}.Debug|Any CPU.ActiveCfg = Debug|Any CPU
		{4E61CD39-EEB4-488E-8583-839452798BC9}.Debug|Any CPU.Build.0 = Debug|Any CPU
		{4E61CD39-EEB4-488E-8583-839452798BC9}.Release|Any CPU.ActiveCfg = Release|Any CPU
		{4E61CD39-EEB4-488E-8583-839452798BC9}.Release|Any CPU.Build.0 = Release|Any CPU
	EndGlobalSection
	GlobalSection(SolutionProperties) = preSolution
		HideSolutionNode = FALSE
	EndGlobalSection
	GlobalSection(ExtensibilityGlobals) = postSolution
		SolutionGuid = {D43DB545-058E-4D7A-8890-3186373F1624}
	EndGlobalSection
EndGlobal
